// !$*UTF8*$!
{
	archiveVersion = 1;
	classes = {
	};
	objectVersion = 56;
	objects = {

/* Begin PBXBuildFile section */
		CE59CA872ACB05FF009A2DBB /* .swiftlint.yml in Resources */ = {isa = PBXBuildFile; fileRef = CE59CA862ACB05FF009A2DBB /* .swiftlint.yml */; };
		CECB94102ACAF79800DE9EFD /* SwiftUiLocalizationApp.swift in Sources */ = {isa = PBXBuildFile; fileRef = CECB940F2ACAF79800DE9EFD /* SwiftUiLocalizationApp.swift */; };
		CECB94122ACAF79800DE9EFD /* ContentView.swift in Sources */ = {isa = PBXBuildFile; fileRef = CECB94112ACAF79800DE9EFD /* ContentView.swift */; };
		CECB94142ACAF79E00DE9EFD /* Assets.xcassets in Resources */ = {isa = PBXBuildFile; fileRef = CECB94132ACAF79E00DE9EFD /* Assets.xcassets */; };
		CECB94172ACAF79E00DE9EFD /* Preview Assets.xcassets in Resources */ = {isa = PBXBuildFile; fileRef = CECB94162ACAF79E00DE9EFD /* Preview Assets.xcassets */; };
		CED5EB0A2ACB84320076D332 /* Localizable.strings in Resources */ = {isa = PBXBuildFile; fileRef = CED5EB0C2ACB84320076D332 /* Localizable.strings */; };
		CED5EB132ACB96080076D332 /* StringExtensions.swift in Sources */ = {isa = PBXBuildFile; fileRef = CED5EB122ACB96080076D332 /* StringExtensions.swift */; };
		DB5A81F4332BAC2D34559454 /* Pods_SwiftUiLocalization.framework in Frameworks */ = {isa = PBXBuildFile; fileRef = 5DE401CCE6AF54A2DE7BAC0E /* Pods_SwiftUiLocalization.framework */; };
/* End PBXBuildFile section */

/* Begin PBXFileReference section */
		5DE401CCE6AF54A2DE7BAC0E /* Pods_SwiftUiLocalization.framework */ = {isa = PBXFileReference; explicitFileType = wrapper.framework; includeInIndex = 0; path = Pods_SwiftUiLocalization.framework; sourceTree = BUILT_PRODUCTS_DIR; };
		82A07CDD3A63673656DFCFD7 /* Pods-SwiftUiLocalization.release.xcconfig */ = {isa = PBXFileReference; includeInIndex = 1; lastKnownFileType = text.xcconfig; name = "Pods-SwiftUiLocalization.release.xcconfig"; path = "Target Support Files/Pods-SwiftUiLocalization/Pods-SwiftUiLocalization.release.xcconfig"; sourceTree = "<group>"; };
		CE59CA862ACB05FF009A2DBB /* .swiftlint.yml */ = {isa = PBXFileReference; lastKnownFileType = text.yaml; path = .swiftlint.yml; sourceTree = "<group>"; };
		CECB940C2ACAF79800DE9EFD /* SwiftUiLocalization.app */ = {isa = PBXFileReference; explicitFileType = wrapper.application; includeInIndex = 0; path = SwiftUiLocalization.app; sourceTree = BUILT_PRODUCTS_DIR; };
		CECB940F2ACAF79800DE9EFD /* SwiftUiLocalizationApp.swift */ = {isa = PBXFileReference; lastKnownFileType = sourcecode.swift; path = SwiftUiLocalizationApp.swift; sourceTree = "<group>"; };
		CECB94112ACAF79800DE9EFD /* ContentView.swift */ = {isa = PBXFileReference; lastKnownFileType = sourcecode.swift; path = ContentView.swift; sourceTree = "<group>"; };
		CECB94132ACAF79E00DE9EFD /* Assets.xcassets */ = {isa = PBXFileReference; lastKnownFileType = folder.assetcatalog; path = Assets.xcassets; sourceTree = "<group>"; };
		CECB94162ACAF79E00DE9EFD /* Preview Assets.xcassets */ = {isa = PBXFileReference; lastKnownFileType = folder.assetcatalog; path = "Preview Assets.xcassets"; sourceTree = "<group>"; };
		CED5EB0B2ACB84320076D332 /* en */ = {isa = PBXFileReference; lastKnownFileType = text.plist.strings; name = en; path = en.lproj/Localizable.strings; sourceTree = "<group>"; };
		CED5EB0D2ACB84760076D332 /* es */ = {isa = PBXFileReference; lastKnownFileType = text.plist.strings; name = es; path = es.lproj/Localizable.strings; sourceTree = "<group>"; };
		CED5EB122ACB96080076D332 /* StringExtensions.swift */ = {isa = PBXFileReference; lastKnownFileType = sourcecode.swift; path = StringExtensions.swift; sourceTree = "<group>"; };
		D5CFC9C2828B2ABC42399172 /* Pods-SwiftUiLocalization.debug.xcconfig */ = {isa = PBXFileReference; includeInIndex = 1; lastKnownFileType = text.xcconfig; name = "Pods-SwiftUiLocalization.debug.xcconfig"; path = "Target Support Files/Pods-SwiftUiLocalization/Pods-SwiftUiLocalization.debug.xcconfig"; sourceTree = "<group>"; };
/* End PBXFileReference section */

/* Begin PBXFrameworksBuildPhase section */
		CECB94092ACAF79800DE9EFD /* Frameworks */ = {
			isa = PBXFrameworksBuildPhase;
			buildActionMask = 2147483647;
			files = (
				DB5A81F4332BAC2D34559454 /* Pods_SwiftUiLocalization.framework in Frameworks */,
			);
			runOnlyForDeploymentPostprocessing = 0;
		};
/* End PBXFrameworksBuildPhase section */

/* Begin PBXGroup section */
		18230554E49004B308C8EFB6 /* Pods */ = {
			isa = PBXGroup;
			children = (
				D5CFC9C2828B2ABC42399172 /* Pods-SwiftUiLocalization.debug.xcconfig */,
				82A07CDD3A63673656DFCFD7 /* Pods-SwiftUiLocalization.release.xcconfig */,
			);
			path = Pods;
			sourceTree = "<group>";
		};
		9D9966027EA64D09665EE412 /* Frameworks */ = {
			isa = PBXGroup;
			children = (
				5DE401CCE6AF54A2DE7BAC0E /* Pods_SwiftUiLocalization.framework */,
			);
			name = Frameworks;
			sourceTree = "<group>";
		};
		CECB94032ACAF79800DE9EFD = {
			isa = PBXGroup;
			children = (
				CECB940E2ACAF79800DE9EFD /* SwiftUiLocalization */,
				CECB940D2ACAF79800DE9EFD /* Products */,
				18230554E49004B308C8EFB6 /* Pods */,
				9D9966027EA64D09665EE412 /* Frameworks */,
			);
			sourceTree = "<group>";
		};
		CECB940D2ACAF79800DE9EFD /* Products */ = {
			isa = PBXGroup;
			children = (
				CECB940C2ACAF79800DE9EFD /* SwiftUiLocalization.app */,
			);
			name = Products;
			sourceTree = "<group>";
		};
		CECB940E2ACAF79800DE9EFD /* SwiftUiLocalization */ = {
			isa = PBXGroup;
			children = (
				CED5EB0E2ACB95830076D332 /* Code */,
				CED5EB062ACB81970076D332 /* SupportingFiles */,
				CE59CA862ACB05FF009A2DBB /* .swiftlint.yml */,
				CECB940F2ACAF79800DE9EFD /* SwiftUiLocalizationApp.swift */,
				CECB94112ACAF79800DE9EFD /* ContentView.swift */,
				CECB94132ACAF79E00DE9EFD /* Assets.xcassets */,
				CECB94152ACAF79E00DE9EFD /* Preview Content */,
			);
			path = SwiftUiLocalization;
			sourceTree = "<group>";
		};
		CECB94152ACAF79E00DE9EFD /* Preview Content */ = {
			isa = PBXGroup;
			children = (
				CECB94162ACAF79E00DE9EFD /* Preview Assets.xcassets */,
			);
			path = "Preview Content";
			sourceTree = "<group>";
		};
		CED5EB062ACB81970076D332 /* SupportingFiles */ = {
			isa = PBXGroup;
			children = (
				CED5EB072ACB81B20076D332 /* Localization */,
			);
			path = SupportingFiles;
			sourceTree = "<group>";
		};
		CED5EB072ACB81B20076D332 /* Localization */ = {
			isa = PBXGroup;
			children = (
				CED5EB0C2ACB84320076D332 /* Localizable.strings */,
			);
			path = Localization;
			sourceTree = "<group>";
		};
		CED5EB0E2ACB95830076D332 /* Code */ = {
			isa = PBXGroup;
			children = (
				CED5EB102ACB95C70076D332 /* Utilities */,
			);
			path = Code;
			sourceTree = "<group>";
		};
		CED5EB102ACB95C70076D332 /* Utilities */ = {
			isa = PBXGroup;
			children = (
				CED5EB112ACB95D50076D332 /* Extensions */,
			);
			path = Utilities;
			sourceTree = "<group>";
		};
		CED5EB112ACB95D50076D332 /* Extensions */ = {
			isa = PBXGroup;
			children = (
				CED5EB122ACB96080076D332 /* StringExtensions.swift */,
			);
			path = Extensions;
			sourceTree = "<group>";
		};
/* End PBXGroup section */

/* Begin PBXNativeTarget section */
		CECB940B2ACAF79800DE9EFD /* SwiftUiLocalization */ = {
			isa = PBXNativeTarget;
			buildConfigurationList = CECB941A2ACAF79E00DE9EFD /* Build configuration list for PBXNativeTarget "SwiftUiLocalization" */;
			buildPhases = (
				0958267B3859FCE45D7E816B /* [CP] Check Pods Manifest.lock */,
				CECB94082ACAF79800DE9EFD /* Sources */,
				CECB94092ACAF79800DE9EFD /* Frameworks */,
				CECB940A2ACAF79800DE9EFD /* Resources */,
				CE59CA832ACB03D4009A2DBB /* SwiftLint */,
			);
			buildRules = (
			);
			dependencies = (
			);
			name = SwiftUiLocalization;
			productName = SwiftUiLocalization;
			productReference = CECB940C2ACAF79800DE9EFD /* SwiftUiLocalization.app */;
			productType = "com.apple.product-type.application";
		};
/* End PBXNativeTarget section */

/* Begin PBXProject section */
		CECB94042ACAF79800DE9EFD /* Project object */ = {
			isa = PBXProject;
			attributes = {
				BuildIndependentTargetsInParallel = 1;
				LastSwiftUpdateCheck = 1400;
				LastUpgradeCheck = 1400;
				TargetAttributes = {
					CECB940B2ACAF79800DE9EFD = {
						CreatedOnToolsVersion = 14.0.1;
					};
				};
			};
			buildConfigurationList = CECB94072ACAF79800DE9EFD /* Build configuration list for PBXProject "SwiftUiLocalization" */;
			compatibilityVersion = "Xcode 14.0";
			developmentRegion = en;
			hasScannedForEncodings = 0;
			knownRegions = (
				en,
				Base,
				es,
			);
			mainGroup = CECB94032ACAF79800DE9EFD;
			productRefGroup = CECB940D2ACAF79800DE9EFD /* Products */;
			projectDirPath = "";
			projectRoot = "";
			targets = (
				CECB940B2ACAF79800DE9EFD /* SwiftUiLocalization */,
			);
		};
/* End PBXProject section */

/* Begin PBXResourcesBuildPhase section */
		CECB940A2ACAF79800DE9EFD /* Resources */ = {
			isa = PBXResourcesBuildPhase;
			buildActionMask = 2147483647;
			files = (
				CE59CA872ACB05FF009A2DBB /* .swiftlint.yml in Resources */,
				CED5EB0A2ACB84320076D332 /* Localizable.strings in Resources */,
				CECB94172ACAF79E00DE9EFD /* Preview Assets.xcassets in Resources */,
				CECB94142ACAF79E00DE9EFD /* Assets.xcassets in Resources */,
			);
			runOnlyForDeploymentPostprocessing = 0;
		};
/* End PBXResourcesBuildPhase section */

/* Begin PBXShellScriptBuildPhase section */
		0958267B3859FCE45D7E816B /* [CP] Check Pods Manifest.lock */ = {
			isa = PBXShellScriptBuildPhase;
			buildActionMask = 2147483647;
			files = (
			);
			inputFileListPaths = (
			);
			inputPaths = (
				"${PODS_PODFILE_DIR_PATH}/Podfile.lock",
				"${PODS_ROOT}/Manifest.lock",
			);
			name = "[CP] Check Pods Manifest.lock";
			outputFileListPaths = (
			);
			outputPaths = (
				"$(DERIVED_FILE_DIR)/Pods-SwiftUiLocalization-checkManifestLockResult.txt",
			);
			runOnlyForDeploymentPostprocessing = 0;
			shellPath = /bin/sh;
			shellScript = "diff \"${PODS_PODFILE_DIR_PATH}/Podfile.lock\" \"${PODS_ROOT}/Manifest.lock\" > /dev/null\nif [ $? != 0 ] ; then\n    # print error to STDERR\n    echo \"error: The sandbox is not in sync with the Podfile.lock. Run 'pod install' or update your CocoaPods installation.\" >&2\n    exit 1\nfi\n# This output is used by Xcode 'outputs' to avoid re-running this script phase.\necho \"SUCCESS\" > \"${SCRIPT_OUTPUT_FILE_0}\"\n";
			showEnvVarsInLog = 0;
		};
		CE59CA832ACB03D4009A2DBB /* SwiftLint */ = {
			isa = PBXShellScriptBuildPhase;
			buildActionMask = 2147483647;
			files = (
			);
			inputFileListPaths = (
			);
			inputPaths = (
			);
			name = SwiftLint;
			outputFileListPaths = (
			);
			outputPaths = (
			);
			runOnlyForDeploymentPostprocessing = 0;
			shellPath = /bin/sh;
			shellScript = "\"${PODS_ROOT}/SwiftLint/swiftlint\"\n";
		};
/* End PBXShellScriptBuildPhase section */

/* Begin PBXSourcesBuildPhase section */
		CECB94082ACAF79800DE9EFD /* Sources */ = {
			isa = PBXSourcesBuildPhase;
			buildActionMask = 2147483647;
			files = (
				CED5EB132ACB96080076D332 /* StringExtensions.swift in Sources */,
				CECB94122ACAF79800DE9EFD /* ContentView.swift in Sources */,
				CECB94102ACAF79800DE9EFD /* SwiftUiLocalizationApp.swift in Sources */,
			);
			runOnlyForDeploymentPostprocessing = 0;
		};
/* End PBXSourcesBuildPhase section */

/* Begin PBXVariantGroup section */
		CED5EB0C2ACB84320076D332 /* Localizable.strings */ = {
			isa = PBXVariantGroup;
			children = (
				CED5EB0B2ACB84320076D332 /* en */,
				CED5EB0D2ACB84760076D332 /* es */,
			);
			name = Localizable.strings;
			sourceTree = "<group>";
		};
/* End PBXVariantGroup section */

/* Begin XCBuildConfiguration section */
		CECB94182ACAF79E00DE9EFD /* Debug */ = {
			isa = XCBuildConfiguration;
			buildSettings = {
				ALWAYS_SEARCH_USER_PATHS = NO;
				CLANG_ANALYZER_LOCALIZABILITY_NONLOCALIZED = YES;
				CLANG_ANALYZER_NONNULL = YES;
				CLANG_ANALYZER_NUMBER_OBJECT_CONVERSION = YES_AGGRESSIVE;
				CLANG_CXX_LANGUAGE_STANDARD = "gnu++20";
				CLANG_ENABLE_MODULES = YES;
				CLANG_ENABLE_OBJC_ARC = YES;
				CLANG_ENABLE_OBJC_WEAK = YES;
				CLANG_WARN_BLOCK_CAPTURE_AUTORELEASING = YES;
				CLANG_WARN_BOOL_CONVERSION = YES;
				CLANG_WARN_COMMA = YES;
				CLANG_WARN_CONSTANT_CONVERSION = YES;
				CLANG_WARN_DEPRECATED_OBJC_IMPLEMENTATIONS = YES;
				CLANG_WARN_DIRECT_OBJC_ISA_USAGE = YES_ERROR;
				CLANG_WARN_DOCUMENTATION_COMMENTS = YES;
				CLANG_WARN_EMPTY_BODY = YES;
				CLANG_WARN_ENUM_CONVERSION = YES;
				CLANG_WARN_INFINITE_RECURSION = YES;
				CLANG_WARN_INT_CONVERSION = YES;
				CLANG_WARN_NON_LITERAL_NULL_CONVERSION = YES;
				CLANG_WARN_OBJC_IMPLICIT_RETAIN_SELF = YES;
				CLANG_WARN_OBJC_LITERAL_CONVERSION = YES;
				CLANG_WARN_OBJC_ROOT_CLASS = YES_ERROR;
				CLANG_WARN_QUOTED_INCLUDE_IN_FRAMEWORK_HEADER = YES;
				CLANG_WARN_RANGE_LOOP_ANALYSIS = YES;
				CLANG_WARN_STRICT_PROTOTYPES = YES;
				CLANG_WARN_SUSPICIOUS_MOVE = YES;
				CLANG_WARN_UNGUARDED_AVAILABILITY = YES_AGGRESSIVE;
				CLANG_WARN_UNREACHABLE_CODE = YES;
				CLANG_WARN__DUPLICATE_METHOD_MATCH = YES;
				COPY_PHASE_STRIP = NO;
				DEBUG_INFORMATION_FORMAT = dwarf;
				ENABLE_STRICT_OBJC_MSGSEND = YES;
				ENABLE_TESTABILITY = YES;
				GCC_C_LANGUAGE_STANDARD = gnu11;
				GCC_DYNAMIC_NO_PIC = NO;
				GCC_NO_COMMON_BLOCKS = YES;
				GCC_OPTIMIZATION_LEVEL = 0;
				GCC_PREPROCESSOR_DEFINITIONS = (
					"DEBUG=1",
					"$(inherited)",
				);
				GCC_WARN_64_TO_32_BIT_CONVERSION = YES;
				GCC_WARN_ABOUT_RETURN_TYPE = YES_ERROR;
				GCC_WARN_UNDECLARED_SELECTOR = YES;
				GCC_WARN_UNINITIALIZED_AUTOS = YES_AGGRESSIVE;
				GCC_WARN_UNUSED_FUNCTION = YES;
				GCC_WARN_UNUSED_VARIABLE = YES;
				IPHONEOS_DEPLOYMENT_TARGET = 16.0;
				MTL_ENABLE_DEBUG_INFO = INCLUDE_SOURCE;
				MTL_FAST_MATH = YES;
				ONLY_ACTIVE_ARCH = YES;
				SDKROOT = iphoneos;
				SWIFT_ACTIVE_COMPILATION_CONDITIONS = DEBUG;
				SWIFT_OPTIMIZATION_LEVEL = "-Onone";
			};
			name = Debug;
		};
		CECB94192ACAF79E00DE9EFD /* Release */ = {
			isa = XCBuildConfiguration;
			buildSettings = {
				ALWAYS_SEARCH_USER_PATHS = NO;
				CLANG_ANALYZER_LOCALIZABILITY_NONLOCALIZED = YES;
				CLANG_ANALYZER_NONNULL = YES;
				CLANG_ANALYZER_NUMBER_OBJECT_CONVERSION = YES_AGGRESSIVE;
				CLANG_CXX_LANGUAGE_STANDARD = "gnu++20";
				CLANG_ENABLE_MODULES = YES;
				CLANG_ENABLE_OBJC_ARC = YES;
				CLANG_ENABLE_OBJC_WEAK = YES;
				CLANG_WARN_BLOCK_CAPTURE_AUTORELEASING = YES;
				CLANG_WARN_BOOL_CONVERSION = YES;
				CLANG_WARN_COMMA = YES;
				CLANG_WARN_CONSTANT_CONVERSION = YES;
				CLANG_WARN_DEPRECATED_OBJC_IMPLEMENTATIONS = YES;
				CLANG_WARN_DIRECT_OBJC_ISA_USAGE = YES_ERROR;
				CLANG_WARN_DOCUMENTATION_COMMENTS = YES;
				CLANG_WARN_EMPTY_BODY = YES;
				CLANG_WARN_ENUM_CONVERSION = YES;
				CLANG_WARN_INFINITE_RECURSION = YES;
				CLANG_WARN_INT_CONVERSION = YES;
				CLANG_WARN_NON_LITERAL_NULL_CONVERSION = YES;
				CLANG_WARN_OBJC_IMPLICIT_RETAIN_SELF = YES;
				CLANG_WARN_OBJC_LITERAL_CONVERSION = YES;
				CLANG_WARN_OBJC_ROOT_CLASS = YES_ERROR;
				CLANG_WARN_QUOTED_INCLUDE_IN_FRAMEWORK_HEADER = YES;
				CLANG_WARN_RANGE_LOOP_ANALYSIS = YES;
				CLANG_WARN_STRICT_PROTOTYPES = YES;
				CLANG_WARN_SUSPICIOUS_MOVE = YES;
				CLANG_WARN_UNGUARDED_AVAILABILITY = YES_AGGRESSIVE;
				CLANG_WARN_UNREACHABLE_CODE = YES;
				CLANG_WARN__DUPLICATE_METHOD_MATCH = YES;
				COPY_PHASE_STRIP = NO;
				DEBUG_INFORMATION_FORMAT = "dwarf-with-dsym";
				ENABLE_NS_ASSERTIONS = NO;
				ENABLE_STRICT_OBJC_MSGSEND = YES;
				GCC_C_LANGUAGE_STANDARD = gnu11;
				GCC_NO_COMMON_BLOCKS = YES;
				GCC_WARN_64_TO_32_BIT_CONVERSION = YES;
				GCC_WARN_ABOUT_RETURN_TYPE = YES_ERROR;
				GCC_WARN_UNDECLARED_SELECTOR = YES;
				GCC_WARN_UNINITIALIZED_AUTOS = YES_AGGRESSIVE;
				GCC_WARN_UNUSED_FUNCTION = YES;
				GCC_WARN_UNUSED_VARIABLE = YES;
				IPHONEOS_DEPLOYMENT_TARGET = 16.0;
				MTL_ENABLE_DEBUG_INFO = NO;
				MTL_FAST_MATH = YES;
				SDKROOT = iphoneos;
				SWIFT_COMPILATION_MODE = wholemodule;
				SWIFT_OPTIMIZATION_LEVEL = "-O";
				VALIDATE_PRODUCT = YES;
			};
			name = Release;
		};
		CECB941B2ACAF79E00DE9EFD /* Debug */ = {
			isa = XCBuildConfiguration;
			baseConfigurationReference = D5CFC9C2828B2ABC42399172 /* Pods-SwiftUiLocalization.debug.xcconfig */;
			buildSettings = {
				ASSETCATALOG_COMPILER_APPICON_NAME = AppIcon;
				ASSETCATALOG_COMPILER_GLOBAL_ACCENT_COLOR_NAME = AccentColor;
				CODE_SIGN_STYLE = Automatic;
				CURRENT_PROJECT_VERSION = 1;
				DEVELOPMENT_ASSET_PATHS = "\"SwiftUiLocalization/Preview Content\"";
				ENABLE_PREVIEWS = YES;
				GENERATE_INFOPLIST_FILE = YES;
				INFOPLIST_KEY_UIApplicationSceneManifest_Generation = YES;
				INFOPLIST_KEY_UIApplicationSupportsIndirectInputEvents = YES;
				INFOPLIST_KEY_UILaunchScreen_Generation = YES;
				INFOPLIST_KEY_UIStatusBarStyle = "";
				INFOPLIST_KEY_UISupportedInterfaceOrientations_iPad = "UIInterfaceOrientationPortrait UIInterfaceOrientationPortraitUpsideDown UIInterfaceOrientationLandscapeLeft UIInterfaceOrientationLandscapeRight";
				INFOPLIST_KEY_UISupportedInterfaceOrientations_iPhone = "UIInterfaceOrientationPortrait UIInterfaceOrientationLandscapeLeft UIInterfaceOrientationLandscapeRight";
				LD_RUNPATH_SEARCH_PATHS = (
					"$(inherited)",
					"@executable_path/Frameworks",
				);
				MARKETING_VERSION = 1.0;
				PRODUCT_BUNDLE_IDENTIFIER = com.godwin.SwiftUiLocalization;
				PRODUCT_NAME = "$(TARGET_NAME)";
				SWIFT_EMIT_LOC_STRINGS = YES;
				SWIFT_VERSION = 5.0;
				TARGETED_DEVICE_FAMILY = "1,2";
			};
			name = Debug;
		};
		CECB941C2ACAF79E00DE9EFD /* Release */ = {
			isa = XCBuildConfiguration;
			baseConfigurationReference = 82A07CDD3A63673656DFCFD7 /* Pods-SwiftUiLocalization.release.xcconfig */;
			buildSettings = {
				ASSETCATALOG_COMPILER_APPICON_NAME = AppIcon;
				ASSETCATALOG_COMPILER_GLOBAL_ACCENT_COLOR_NAME = AccentColor;
				CODE_SIGN_STYLE = Automatic;
				CURRENT_PROJECT_VERSION = 1;
				DEVELOPMENT_ASSET_PATHS = "\"SwiftUiLocalization/Preview Content\"";
				ENABLE_PREVIEWS = YES;
				GENERATE_INFOPLIST_FILE = YES;
				INFOPLIST_KEY_UIApplicationSceneManifest_Generation = YES;
				INFOPLIST_KEY_UIApplicationSupportsIndirectInputEvents = YES;
				INFOPLIST_KEY_UILaunchScreen_Generation = YES;
				INFOPLIST_KEY_UIStatusBarStyle = "";
				INFOPLIST_KEY_UISupportedInterfaceOrientations_iPad = "UIInterfaceOrientationPortrait UIInterfaceOrientationPortraitUpsideDown UIInterfaceOrientationLandscapeLeft UIInterfaceOrientationLandscapeRight";
				INFOPLIST_KEY_UISupportedInterfaceOrientations_iPhone = "UIInterfaceOrientationPortrait UIInterfaceOrientationLandscapeLeft UIInterfaceOrientationLandscapeRight";
				LD_RUNPATH_SEARCH_PATHS = (
					"$(inherited)",
					"@executable_path/Frameworks",
				);
				MARKETING_VERSION = 1.0;
				PRODUCT_BUNDLE_IDENTIFIER = com.godwin.SwiftUiLocalization;
				PRODUCT_NAME = "$(TARGET_NAME)";
				SWIFT_EMIT_LOC_STRINGS = YES;
				SWIFT_VERSION = 5.0;
				TARGETED_DEVICE_FAMILY = "1,2";
			};
			name = Release;
		};
/* End XCBuildConfiguration section */

/* Begin XCConfigurationList section */
		CECB94072ACAF79800DE9EFD /* Build configuration list for PBXProject "SwiftUiLocalization" */ = {
			isa = XCConfigurationList;
			buildConfigurations = (
				CECB94182ACAF79E00DE9EFD /* Debug */,
				CECB94192ACAF79E00DE9EFD /* Release */,
			);
			defaultConfigurationIsVisible = 0;
			defaultConfigurationName = Release;
		};
		CECB941A2ACAF79E00DE9EFD /* Build configuration list for PBXNativeTarget "SwiftUiLocalization" */ = {
			isa = XCConfigurationList;
			buildConfigurations = (
				CECB941B2ACAF79E00DE9EFD /* Debug */,
				CECB941C2ACAF79E00DE9EFD /* Release */,
			);
			defaultConfigurationIsVisible = 0;
			defaultConfigurationName = Release;
		};
/* End XCConfigurationList section */
	};
	rootObject = CECB94042ACAF79800DE9EFD /* Project object */;
}
